
Microsoft Visual Studio Solution File, Format Version 12.00
# Visual Studio Version 16
VisualStudioVersion = 16.0.28729.10
MinimumVisualStudioVersion = 10.0.40219.1
Project("{FAE04EC0-301F-11D3-BF4B-00C04F79EFBC}") = "4", "4\4.csproj", "{C0D88035-F64D-40B1-A070-F3F9ECD72F89}"
EndProject
Global
	GlobalSection(SolutionConfigurationPlatforms) = preSolution
		Debug|Any CPU = Debug|Any CPU
		Release|Any CPU = Release|Any CPU
	EndGlobalSection
	GlobalSection(ProjectConfigurationPlatforms) = postSolution
		{C0D88035-F64D-40B1-A070-F3F9ECD72F89}.Debug|Any CPU.ActiveCfg = Debug|Any CPU
		{C0D88035-F64D-40B1-A070-F3F9ECD72F89}.Debug|Any CPU.Build.0 = Debug|Any CPU
		{C0D88035-F64D-40B1-A070-F3F9ECD72F89}.Release|Any CPU.ActiveCfg = Release|Any CPU
		{C0D88035-F64D-40B1-A070-F3F9ECD72F89}.Release|Any CPU.Build.0 = Release|Any CPU
	EndGlobalSection
	GlobalSection(SolutionProperties) = preSolution
		HideSolutionNode = FALSE
	EndGlobalSection
	GlobalSection(ExtensibilityGlobals) = postSolution
		SolutionGuid = {D6F65FD9-08AE-4706-B84D-2D7D77C89084}
	EndGlobalSection
EndGlobal
