
Microsoft Visual Studio Solution File, Format Version 12.00
# Visual Studio Version 16
VisualStudioVersion = 16.0.28729.10
MinimumVisualStudioVersion = 10.0.40219.1
Project("{FAE04EC0-301F-11D3-BF4B-00C04F79EFBC}") = "6", "6\6.csproj", "{D734A9E0-C575-48A4-BA32-DA645EA192D8}"
EndProject
Global
	GlobalSection(SolutionConfigurationPlatforms) = preSolution
		Debug|Any CPU = Debug|Any CPU
		Release|Any CPU = Release|Any CPU
	EndGlobalSection
	GlobalSection(ProjectConfigurationPlatforms) = postSolution
		{D734A9E0-C575-48A4-BA32-DA645EA192D8}.Debug|Any CPU.ActiveCfg = Debug|Any CPU
		{D734A9E0-C575-48A4-BA32-DA645EA192D8}.Debug|Any CPU.Build.0 = Debug|Any CPU
		{D734A9E0-C575-48A4-BA32-DA645EA192D8}.Release|Any CPU.ActiveCfg = Release|Any CPU
		{D734A9E0-C575-48A4-BA32-DA645EA192D8}.Release|Any CPU.Build.0 = Release|Any CPU
	EndGlobalSection
	GlobalSection(SolutionProperties) = preSolution
		HideSolutionNode = FALSE
	EndGlobalSection
	GlobalSection(ExtensibilityGlobals) = postSolution
		SolutionGuid = {3BFB6AFF-C3E4-45B6-B7B9-A42FC0CDF1B4}
	EndGlobalSection
EndGlobal
